// !$*UTF8*$!
{
	archiveVersion = 1;
	classes = {
	};
	objectVersion = 46;
	objects = {

/* Begin PBXBuildFile section */
		F60090021573F47400348744 /* UIKit.framework in Frameworks */ = {isa = PBXBuildFile; fileRef = F60090011573F47400348744 /* UIKit.framework */; };
		F60090041573F47400348744 /* Foundation.framework in Frameworks */ = {isa = PBXBuildFile; fileRef = F60090031573F47400348744 /* Foundation.framework */; };
		F60090061573F47400348744 /* CoreGraphics.framework in Frameworks */ = {isa = PBXBuildFile; fileRef = F60090051573F47400348744 /* CoreGraphics.framework */; };
		F600900C1573F47400348744 /* InfoPlist.strings in Resources */ = {isa = PBXBuildFile; fileRef = F600900A1573F47400348744 /* InfoPlist.strings */; };
		F600900E1573F47400348744 /* main.m in Sources */ = {isa = PBXBuildFile; fileRef = F600900D1573F47400348744 /* main.m */; };
		F60090121573F47400348744 /* CalculatorAppDelegate.m in Sources */ = {isa = PBXBuildFile; fileRef = F60090111573F47400348744 /* CalculatorAppDelegate.m */; };
		F60090151573F47400348744 /* MainStoryboard.storyboard in Resources */ = {isa = PBXBuildFile; fileRef = F60090131573F47400348744 /* MainStoryboard.storyboard */; };
		F60090181573F47400348744 /* CalculatorViewController.m in Sources */ = {isa = PBXBuildFile; fileRef = F60090171573F47400348744 /* CalculatorViewController.m */; };
		F60090201573FE8800348744 /* CalculatorBrain.m in Sources */ = {isa = PBXBuildFile; fileRef = F600901F1573FE8800348744 /* CalculatorBrain.m */; };
/* End PBXBuildFile section */

/* Begin PBXFileReference section */
		F6008FFD1573F47400348744 /* Calculator.app */ = {isa = PBXFileReference; explicitFileType = wrapper.application; includeInIndex = 0; path = Calculator.app; sourceTree = BUILT_PRODUCTS_DIR; };
		F60090011573F47400348744 /* UIKit.framework */ = {isa = PBXFileReference; lastKnownFileType = wrapper.framework; name = UIKit.framework; path = System/Library/Frameworks/UIKit.framework; sourceTree = SDKROOT; };
		F60090031573F47400348744 /* Foundation.framework */ = {isa = PBXFileReference; lastKnownFileType = wrapper.framework; name = Foundation.framework; path = System/Library/Frameworks/Foundation.framework; sourceTree = SDKROOT; };
		F60090051573F47400348744 /* CoreGraphics.framework */ = {isa = PBXFileReference; lastKnownFileType = wrapper.framework; name = CoreGraphics.framework; path = System/Library/Frameworks/CoreGraphics.framework; sourceTree = SDKROOT; };
		F60090091573F47400348744 /* Calculator-Info.plist */ = {isa = PBXFileReference; lastKnownFileType = text.plist.xml; path = "Calculator-Info.plist"; sourceTree = "<group>"; };
		F600900B1573F47400348744 /* en */ = {isa = PBXFileReference; lastKnownFileType = text.plist.strings; name = en; path = en.lproj/InfoPlist.strings; sourceTree = "<group>"; };
		F600900D1573F47400348744 /* main.m */ = {isa = PBXFileReference; lastKnownFileType = sourcecode.c.objc; path = main.m; sourceTree = "<group>"; };
		F600900F1573F47400348744 /* Calculator-Prefix.pch */ = {isa = PBXFileReference; lastKnownFileType = sourcecode.c.h; path = "Calculator-Prefix.pch"; sourceTree = "<group>"; };
		F60090101573F47400348744 /* CalculatorAppDelegate.h */ = {isa = PBXFileReference; lastKnownFileType = sourcecode.c.h; path = CalculatorAppDelegate.h; sourceTree = "<group>"; };
		F60090111573F47400348744 /* CalculatorAppDelegate.m */ = {isa = PBXFileReference; lastKnownFileType = sourcecode.c.objc; path = CalculatorAppDelegate.m; sourceTree = "<group>"; };
		F60090141573F47400348744 /* en */ = {isa = PBXFileReference; lastKnownFileType = file.storyboard; name = en; path = en.lproj/MainStoryboard.storyboard; sourceTree = "<group>"; };
		F60090161573F47400348744 /* CalculatorViewController.h */ = {isa = PBXFileReference; lastKnownFileType = sourcecode.c.h; path = CalculatorViewController.h; sourceTree = "<group>"; };
		F60090171573F47400348744 /* CalculatorViewController.m */ = {isa = PBXFileReference; lastKnownFileType = sourcecode.c.objc; path = CalculatorViewController.m; sourceTree = "<group>"; };
		F600901E1573FE8800348744 /* CalculatorBrain.h */ = {isa = PBXFileReference; fileEncoding = 4; lastKnownFileType = sourcecode.c.h; path = CalculatorBrain.h; sourceTree = "<group>"; };
		F600901F1573FE8800348744 /* CalculatorBrain.m */ = {isa = PBXFileReference; fileEncoding = 4; lastKnownFileType = sourcecode.c.objc; path = CalculatorBrain.m; sourceTree = "<group>"; };
/* End PBXFileReference section */

/* Begin PBXFrameworksBuildPhase section */
		F6008FFA1573F47400348744 /* Frameworks */ = {
			isa = PBXFrameworksBuildPhase;
			buildActionMask = 2147483647;
			files = (
				F60090021573F47400348744 /* UIKit.framework in Frameworks */,
				F60090041573F47400348744 /* Foundation.framework in Frameworks */,
				F60090061573F47400348744 /* CoreGraphics.framework in Frameworks */,
			);
			runOnlyForDeploymentPostprocessing = 0;
		};
/* End PBXFrameworksBuildPhase section */

/* Begin PBXGroup section */
		F6008FF21573F47400348744 = {
			isa = PBXGroup;
			children = (
				F60090071573F47400348744 /* Calculator */,
				F60090001573F47400348744 /* Frameworks */,
				F6008FFE1573F47400348744 /* Products */,
			);
			sourceTree = "<group>";
		};
		F6008FFE1573F47400348744 /* Products */ = {
			isa = PBXGroup;
			children = (
				F6008FFD1573F47400348744 /* Calculator.app */,
			);
			name = Products;
			sourceTree = "<group>";
		};
		F60090001573F47400348744 /* Frameworks */ = {
			isa = PBXGroup;
			children = (
				F60090011573F47400348744 /* UIKit.framework */,
				F60090031573F47400348744 /* Foundation.framework */,
				F60090051573F47400348744 /* CoreGraphics.framework */,
			);
			name = Frameworks;
			sourceTree = "<group>";
		};
		F60090071573F47400348744 /* Calculator */ = {
			isa = PBXGroup;
			children = (
				F60090101573F47400348744 /* CalculatorAppDelegate.h */,
				F60090111573F47400348744 /* CalculatorAppDelegate.m */,
				F60090131573F47400348744 /* MainStoryboard.storyboard */,
				F600901E1573FE8800348744 /* CalculatorBrain.h */,
				F600901F1573FE8800348744 /* CalculatorBrain.m */,
				F60090161573F47400348744 /* CalculatorViewController.h */,
				F60090171573F47400348744 /* CalculatorViewController.m */,
				F60090081573F47400348744 /* Supporting Files */,
			);
			path = Calculator;
			sourceTree = "<group>";
		};
		F60090081573F47400348744 /* Supporting Files */ = {
			isa = PBXGroup;
			children = (
				F60090091573F47400348744 /* Calculator-Info.plist */,
				F600900A1573F47400348744 /* InfoPlist.strings */,
				F600900D1573F47400348744 /* main.m */,
				F600900F1573F47400348744 /* Calculator-Prefix.pch */,
			);
			name = "Supporting Files";
			sourceTree = "<group>";
		};
/* End PBXGroup section */

/* Begin PBXNativeTarget section */
		F6008FFC1573F47400348744 /* Calculator */ = {
			isa = PBXNativeTarget;
			buildConfigurationList = F600901B1573F47400348744 /* Build configuration list for PBXNativeTarget "Calculator" */;
			buildPhases = (
				F6008FF91573F47400348744 /* Sources */,
				F6008FFA1573F47400348744 /* Frameworks */,
				F6008FFB1573F47400348744 /* Resources */,
			);
			buildRules = (
			);
			dependencies = (
			);
			name = Calculator;
			productName = Calculator;
			productReference = F6008FFD1573F47400348744 /* Calculator.app */;
			productType = "com.apple.product-type.application";
		};
/* End PBXNativeTarget section */

/* Begin PBXProject section */
		F6008FF41573F47400348744 /* Project object */ = {
			isa = PBXProject;
			attributes = {
				LastUpgradeCheck = 0420;
			};
			buildConfigurationList = F6008FF71573F47400348744 /* Build configuration list for PBXProject "Calculator" */;
			compatibilityVersion = "Xcode 3.2";
			developmentRegion = English;
			hasScannedForEncodings = 0;
			knownRegions = (
				en,
			);
			mainGroup = F6008FF21573F47400348744;
			productRefGroup = F6008FFE1573F47400348744 /* Products */;
			projectDirPath = "";
			projectRoot = "";
			targets = (
				F6008FFC1573F47400348744 /* Calculator */,
			);
		};
/* End PBXProject section */

/* Begin PBXResourcesBuildPhase section */
		F6008FFB1573F47400348744 /* Resources */ = {
			isa = PBXResourcesBuildPhase;
			buildActionMask = 2147483647;
			files = (
				F600900C1573F47400348744 /* InfoPlist.strings in Resources */,
				F60090151573F47400348744 /* MainStoryboard.storyboard in Resources */,
			);
			runOnlyForDeploymentPostprocessing = 0;
		};
/* End PBXResourcesBuildPhase section */

/* Begin PBXSourcesBuildPhase section */
		F6008FF91573F47400348744 /* Sources */ = {
			isa = PBXSourcesBuildPhase;
			buildActionMask = 2147483647;
			files = (
				F600900E1573F47400348744 /* main.m in Sources */,
				F60090121573F47400348744 /* CalculatorAppDelegate.m in Sources */,
				F60090181573F47400348744 /* CalculatorViewController.m in Sources */,
				F60090201573FE8800348744 /* CalculatorBrain.m in Sources */,
			);
			runOnlyForDeploymentPostprocessing = 0;
		};
/* End PBXSourcesBuildPhase section */

/* Begin PBXVariantGroup section */
		F600900A1573F47400348744 /* InfoPlist.strings */ = {
			isa = PBXVariantGroup;
			children = (
				F600900B1573F47400348744 /* en */,
			);
			name = InfoPlist.strings;
			sourceTree = "<group>";
		};
		F60090131573F47400348744 /* MainStoryboard.storyboard */ = {
			isa = PBXVariantGroup;
			children = (
				F60090141573F47400348744 /* en */,
			);
			name = MainStoryboard.storyboard;
			sourceTree = "<group>";
		};
/* End PBXVariantGroup section */

/* Begin XCBuildConfiguration section */
		F60090191573F47400348744 /* Debug */ = {
			isa = XCBuildConfiguration;
			buildSettings = {
				ALWAYS_SEARCH_USER_PATHS = NO;
				ARCHS = "$(ARCHS_STANDARD_32_BIT)";
				CLANG_ENABLE_OBJC_ARC = YES;
				"CODE_SIGN_IDENTITY[sdk=iphoneos*]" = "iPhone Developer";
				COPY_PHASE_STRIP = NO;
				GCC_C_LANGUAGE_STANDARD = gnu99;
				GCC_DYNAMIC_NO_PIC = NO;
				GCC_OPTIMIZATION_LEVEL = 0;
				GCC_PREPROCESSOR_DEFINITIONS = (
					"DEBUG=1",
					"$(inherited)",
				);
				GCC_SYMBOLS_PRIVATE_EXTERN = NO;
				GCC_VERSION = com.apple.compilers.llvm.clang.1_0;
				GCC_WARN_ABOUT_MISSING_PROTOTYPES = YES;
				GCC_WARN_ABOUT_RETURN_TYPE = YES;
				GCC_WARN_UNUSED_VARIABLE = YES;
				IPHONEOS_DEPLOYMENT_TARGET = 5.0;
				SDKROOT = iphoneos;
			};
			name = Debug;
		};
		F600901A1573F47400348744 /* Release */ = {
			isa = XCBuildConfiguration;
			buildSettings = {
				ALWAYS_SEARCH_USER_PATHS = NO;
				ARCHS = "$(ARCHS_STANDARD_32_BIT)";
				CLANG_ENABLE_OBJC_ARC = YES;
				"CODE_SIGN_IDENTITY[sdk=iphoneos*]" = "iPhone Developer";
				COPY_PHASE_STRIP = YES;
				GCC_C_LANGUAGE_STANDARD = gnu99;
				GCC_VERSION = com.apple.compilers.llvm.clang.1_0;
				GCC_WARN_ABOUT_MISSING_PROTOTYPES = YES;
				GCC_WARN_ABOUT_RETURN_TYPE = YES;
				GCC_WARN_UNUSED_VARIABLE = YES;
				IPHONEOS_DEPLOYMENT_TARGET = 5.0;
				OTHER_CFLAGS = "-DNS_BLOCK_ASSERTIONS=1";
				SDKROOT = iphoneos;
				VALIDATE_PRODUCT = YES;
			};
			name = Release;
		};
		F600901C1573F47400348744 /* Debug */ = {
			isa = XCBuildConfiguration;
			buildSettings = {
				GCC_PRECOMPILE_PREFIX_HEADER = YES;
				GCC_PREFIX_HEADER = "Calculator/Calculator-Prefix.pch";
				INFOPLIST_FILE = "Calculator/Calculator-Info.plist";
				PRODUCT_NAME = "$(TARGET_NAME)";
				WRAPPER_EXTENSION = app;
			};
			name = Debug;
		};
		F600901D1573F47400348744 /* Release */ = {
			isa = XCBuildConfiguration;
			buildSettings = {
				GCC_PRECOMPILE_PREFIX_HEADER = YES;
				GCC_PREFIX_HEADER = "Calculator/Calculator-Prefix.pch";
				INFOPLIST_FILE = "Calculator/Calculator-Info.plist";
				PRODUCT_NAME = "$(TARGET_NAME)";
				WRAPPER_EXTENSION = app;
			};
			name = Release;
		};
/* End XCBuildConfiguration section */

/* Begin XCConfigurationList section */
		F6008FF71573F47400348744 /* Build configuration list for PBXProject "Calculator" */ = {
			isa = XCConfigurationList;
			buildConfigurations = (
				F60090191573F47400348744 /* Debug */,
				F600901A1573F47400348744 /* Release */,
			);
			defaultConfigurationIsVisible = 0;
			defaultConfigurationName = Release;
		};
		F600901B1573F47400348744 /* Build configuration list for PBXNativeTarget "Calculator" */ = {
			isa = XCConfigurationList;
			buildConfigurations = (
				F600901C1573F47400348744 /* Debug */,
				F600901D1573F47400348744 /* Release */,
			);
			defaultConfigurationIsVisible = 0;
			defaultConfigurationName = Release;
		};
/* End XCConfigurationList section */
	};
	rootObject = F6008FF41573F47400348744 /* Project object */;
}
